
Microsoft Visual Studio Solution File, Format Version 12.00
# Visual Studio Version 17
VisualStudioVersion = 17.5.002.0
MinimumVisualStudioVersion = 10.0.40219.1
Project("{9A19103F-16F7-4668-BE54-9A1E7A4F7556}") = "minimal-api", "minimal-api.csproj", "{A3CB8371-C34E-4DB4-BF97-923557A9E5E6}"
EndProject
Global
	GlobalSection(SolutionConfigurationPlatforms) = preSolution
		Debug|Any CPU = Debug|Any CPU
		Release|Any CPU = Release|Any CPU
	EndGlobalSection
	GlobalSection(ProjectConfigurationPlatforms) = postSolution
		{A3CB8371-C34E-4DB4-BF97-923557A9E5E6}.Debug|Any CPU.ActiveCfg = Debug|Any CPU
		{A3CB8371-C34E-4DB4-BF97-923557A9E5E6}.Debug|Any CPU.Build.0 = Debug|Any CPU
		{A3CB8371-C34E-4DB4-BF97-923557A9E5E6}.Release|Any CPU.ActiveCfg = Release|Any CPU
		{A3CB8371-C34E-4DB4-BF97-923557A9E5E6}.Release|Any CPU.Build.0 = Release|Any CPU
	EndGlobalSection
	GlobalSection(SolutionProperties) = preSolution
		HideSolutionNode = FALSE
	EndGlobalSection
	GlobalSection(ExtensibilityGlobals) = postSolution
		SolutionGuid = {7951EDBC-264F-4D93-BEAF-9695F8A0E731}
	EndGlobalSection
EndGlobal
